{
  "name": "project-ex03",
  "version": "1.0.0",
  "lockfileVersion": 1,
  "requires": true,
  "dependencies": {
    "sewon-math": {
      "version": "1.0.0",
      "resolved": "https://registry.npmjs.org/sewon-math/-/sewon-math-1.0.0.tgz",
      "integrity": "sha512-mFxM9rzQLFD7FYtNut6M0NdOiOb89TYu+vqvzWtd2QKyQEKbzQ157d3PmjQwBsAm27knzoDZDdk1XA14KO2MyA=="
    }
  }
}
